<?xml version="1.0" encoding="utf-8"?>
<Project ToolsVersion="17.0" xmlns="http://schemas.microsoft.com/developer/msbuild/2003">
  <ItemGroup>
    <ClCompile Include="C:\Users\Goatherd\Desktop\RaytracingPractise\CMakeRT\CMake_RaytracingPractise\src\main.cc">
      <Filter>Source Files</Filter>
    </ClCompile>
  </ItemGroup>
  <ItemGroup>
    <ClInclude Include="C:\Users\Goatherd\Desktop\RaytracingPractise\CMakeRT\CMake_RaytracingPractise\src\camera.h">
      <Filter>Header Files</Filter>
    </ClInclude>
    <ClInclude Include="C:\Users\Goatherd\Desktop\RaytracingPractise\CMakeRT\CMake_RaytracingPractise\src\color.h">
      <Filter>Header Files</Filter>
    </ClInclude>
    <ClInclude Include="C:\Users\Goatherd\Desktop\RaytracingPractise\CMakeRT\CMake_RaytracingPractise\src\hittable.h">
      <Filter>Header Files</Filter>
    </ClInclude>
    <ClInclude Include="C:\Users\Goatherd\Desktop\RaytracingPractise\CMakeRT\CMake_RaytracingPractise\src\hittable_list.h">
      <Filter>Header Files</Filter>
    </ClInclude>
    <ClInclude Include="C:\Users\Goatherd\Desktop\RaytracingPractise\CMakeRT\CMake_RaytracingPractise\src\material.h">
      <Filter>Header Files</Filter>
    </ClInclude>
    <ClInclude Include="C:\Users\Goatherd\Desktop\RaytracingPractise\CMakeRT\CMake_RaytracingPractise\src\ray.h">
      <Filter>Header Files</Filter>
    </ClInclude>
    <ClInclude Include="C:\Users\Goatherd\Desktop\RaytracingPractise\CMakeRT\CMake_RaytracingPractise\src\sphere.h">
      <Filter>Header Files</Filter>
    </ClInclude>
    <ClInclude Include="C:\Users\Goatherd\Desktop\RaytracingPractise\CMakeRT\CMake_RaytracingPractise\src\vec3.h">
      <Filter>Header Files</Filter>
    </ClInclude>
    <ClInclude Include="C:\Users\Goatherd\Desktop\RaytracingPractise\CMakeRT\CMake_RaytracingPractise\src\math_constants.h">
      <Filter>Header Files</Filter>
    </ClInclude>
  </ItemGroup>
  <ItemGroup>
    <CustomBuild Include="C:\Users\Goatherd\Desktop\RaytracingPractise\CMakeRT\CMake_RaytracingPractise\CMakeLists.txt" />
  </ItemGroup>
  <ItemGroup>
    <Filter Include="Header Files">
      <UniqueIdentifier>{6F1DCB55-FE9F-3D1F-8FE9-E0D992F17512}</UniqueIdentifier>
    </Filter>
    <Filter Include="Source Files">
      <UniqueIdentifier>{C3F04A34-6CE7-3C97-BBEF-7FA9DDF08BEA}</UniqueIdentifier>
    </Filter>
  </ItemGroup>
</Project>
